
Microsoft Visual Studio Solution File, Format Version 12.00
# Visual Studio Version 16
VisualStudioVersion = 25.0.1705.2
MinimumVisualStudioVersion = 10.0.40219.1
Project("{FAE04EC0-301F-11D3-BF4B-00C04F79EFBC}") = "Training", "Training.csproj", "{1EFB7977-7648-4C63-A51C-410030A0EA17}"
EndProject
Global
	GlobalSection(SolutionConfigurationPlatforms) = preSolution
		Debug|Any CPU = Debug|Any CPU
		Release|Any CPU = Release|Any CPU
	EndGlobalSection
	GlobalSection(ProjectConfigurationPlatforms) = postSolution
		{1EFB7977-7648-4C63-A51C-410030A0EA17}.Debug|Any CPU.ActiveCfg = Debug|Any CPU
		{1EFB7977-7648-4C63-A51C-410030A0EA17}.Debug|Any CPU.Build.0 = Debug|Any CPU
		{1EFB7977-7648-4C63-A51C-410030A0EA17}.Release|Any CPU.ActiveCfg = Release|Any CPU
		{1EFB7977-7648-4C63-A51C-410030A0EA17}.Release|Any CPU.Build.0 = Release|Any CPU
	EndGlobalSection
	GlobalSection(SolutionProperties) = preSolution
		HideSolutionNode = FALSE
	EndGlobalSection
	GlobalSection(ExtensibilityGlobals) = postSolution
		SolutionGuid = {A3ED91C2-A12D-4DA2-901E-E4113CDA4F39}
	EndGlobalSection
EndGlobal
